
Microsoft Visual Studio Solution File, Format Version 12.00
# Visual Studio Version 16
VisualStudioVersion = 16.0.30011.22
MinimumVisualStudioVersion = 10.0.40219.1
Project("{FAE04EC0-301F-11D3-BF4B-00C04F79EFBC}") = "LapTimerServer", "LapTimerServer.csproj", "{BC98D3B0-3704-4642-AC20-272837333994}"
EndProject
Global
	GlobalSection(SolutionConfigurationPlatforms) = preSolution
		Debug|Any CPU = Debug|Any CPU
		Release|Any CPU = Release|Any CPU
	EndGlobalSection
	GlobalSection(ProjectConfigurationPlatforms) = postSolution
		{BC98D3B0-3704-4642-AC20-272837333994}.Debug|Any CPU.ActiveCfg = Debug|Any CPU
		{BC98D3B0-3704-4642-AC20-272837333994}.Debug|Any CPU.Build.0 = Debug|Any CPU
		{BC98D3B0-3704-4642-AC20-272837333994}.Release|Any CPU.ActiveCfg = Release|Any CPU
		{BC98D3B0-3704-4642-AC20-272837333994}.Release|Any CPU.Build.0 = Release|Any CPU
	EndGlobalSection
	GlobalSection(SolutionProperties) = preSolution
		HideSolutionNode = FALSE
	EndGlobalSection
	GlobalSection(ExtensibilityGlobals) = postSolution
		SolutionGuid = {822EFF16-6223-4076-AA2E-BC7E679336DF}
	EndGlobalSection
EndGlobal
